
Microsoft Visual Studio Solution File, Format Version 12.00
# Visual Studio Version 17
VisualStudioVersion = 17.0.32014.148
MinimumVisualStudioVersion = 10.0.40219.1
Project("{FAE04EC0-301F-11D3-BF4B-00C04F79EFBC}") = "DSS2022.Api", "DSS2022.Api\DSS2022.Api.csproj", "{56AF908E-0BA7-4CB6-85E1-19B439A4B94E}"
EndProject
Project("{FAE04EC0-301F-11D3-BF4B-00C04F79EFBC}") = "DSS2022.Business", "DSS2022.Business\DSS2022.Business.csproj", "{9134B6F2-CB8E-4852-AB72-3449084DC9CC}"
EndProject
Project("{FAE04EC0-301F-11D3-BF4B-00C04F79EFBC}") = "DSS2022.Model", "DSS2022.Model\DSS2022.Model.csproj", "{556354B8-057B-40A2-A104-1376798BC8C3}"
EndProject
Project("{FAE04EC0-301F-11D3-BF4B-00C04F79EFBC}") = "DSS2022.Data", "DSS2022.Data\DSS2022.Data.csproj", "{454028F2-3A51-4DEC-8339-4FE73529C33B}"
EndProject
Project("{FAE04EC0-301F-11D3-BF4B-00C04F79EFBC}") = "DSS2022.DataTransferObjects", "DSS2022.DataTransferObjects\DSS2022.DataTransferObjects.csproj", "{4939FA2F-9C79-4004-8BE6-97E6624748CA}"
EndProject
Project("{FAE04EC0-301F-11D3-BF4B-00C04F79EFBC}") = "DSS2022.Tests", "DSS2022.Tests\DSS2022.Tests.csproj", "{83B7E41C-6297-49CB-B300-7700C071F0FC}"
EndProject
Project("{2150E333-8FDC-42A3-9474-1A3956D46DE8}") = "Solution Items", "Solution Items", "{36092DFA-6C1D-4EF3-B985-22E9C3EAC72F}"
	ProjectSection(SolutionItems) = preProject
		docker-compose.yml = docker-compose.yml
	EndProjectSection
EndProject
Global
	GlobalSection(SolutionConfigurationPlatforms) = preSolution
		Debug|Any CPU = Debug|Any CPU
		Debug|x64 = Debug|x64
		Debug|x86 = Debug|x86
		Release|Any CPU = Release|Any CPU
		Release|x64 = Release|x64
		Release|x86 = Release|x86
	EndGlobalSection
	GlobalSection(ProjectConfigurationPlatforms) = postSolution
		{56AF908E-0BA7-4CB6-85E1-19B439A4B94E}.Debug|Any CPU.ActiveCfg = Debug|Any CPU
		{56AF908E-0BA7-4CB6-85E1-19B439A4B94E}.Debug|Any CPU.Build.0 = Debug|Any CPU
		{56AF908E-0BA7-4CB6-85E1-19B439A4B94E}.Debug|x64.ActiveCfg = Debug|Any CPU
		{56AF908E-0BA7-4CB6-85E1-19B439A4B94E}.Debug|x64.Build.0 = Debug|Any CPU
		{56AF908E-0BA7-4CB6-85E1-19B439A4B94E}.Debug|x86.ActiveCfg = Debug|Any CPU
		{56AF908E-0BA7-4CB6-85E1-19B439A4B94E}.Debug|x86.Build.0 = Debug|Any CPU
		{56AF908E-0BA7-4CB6-85E1-19B439A4B94E}.Release|Any CPU.ActiveCfg = Release|Any CPU
		{56AF908E-0BA7-4CB6-85E1-19B439A4B94E}.Release|Any CPU.Build.0 = Release|Any CPU
		{56AF908E-0BA7-4CB6-85E1-19B439A4B94E}.Release|x64.ActiveCfg = Release|Any CPU
		{56AF908E-0BA7-4CB6-85E1-19B439A4B94E}.Release|x64.Build.0 = Release|Any CPU
		{56AF908E-0BA7-4CB6-85E1-19B439A4B94E}.Release|x86.ActiveCfg = Release|Any CPU
		{56AF908E-0BA7-4CB6-85E1-19B439A4B94E}.Release|x86.Build.0 = Release|Any CPU
		{9134B6F2-CB8E-4852-AB72-3449084DC9CC}.Debug|Any CPU.ActiveCfg = Debug|Any CPU
		{9134B6F2-CB8E-4852-AB72-3449084DC9CC}.Debug|Any CPU.Build.0 = Debug|Any CPU
		{9134B6F2-CB8E-4852-AB72-3449084DC9CC}.Debug|x64.ActiveCfg = Debug|Any CPU
		{9134B6F2-CB8E-4852-AB72-3449084DC9CC}.Debug|x64.Build.0 = Debug|Any CPU
		{9134B6F2-CB8E-4852-AB72-3449084DC9CC}.Debug|x86.ActiveCfg = Debug|Any CPU
		{9134B6F2-CB8E-4852-AB72-3449084DC9CC}.Debug|x86.Build.0 = Debug|Any CPU
		{9134B6F2-CB8E-4852-AB72-3449084DC9CC}.Release|Any CPU.ActiveCfg = Release|Any CPU
		{9134B6F2-CB8E-4852-AB72-3449084DC9CC}.Release|Any CPU.Build.0 = Release|Any CPU
		{9134B6F2-CB8E-4852-AB72-3449084DC9CC}.Release|x64.ActiveCfg = Release|Any CPU
		{9134B6F2-CB8E-4852-AB72-3449084DC9CC}.Release|x64.Build.0 = Release|Any CPU
		{9134B6F2-CB8E-4852-AB72-3449084DC9CC}.Release|x86.ActiveCfg = Release|Any CPU
		{9134B6F2-CB8E-4852-AB72-3449084DC9CC}.Release|x86.Build.0 = Release|Any CPU
		{556354B8-057B-40A2-A104-1376798BC8C3}.Debug|Any CPU.ActiveCfg = Debug|Any CPU
		{556354B8-057B-40A2-A104-1376798BC8C3}.Debug|Any CPU.Build.0 = Debug|Any CPU
		{556354B8-057B-40A2-A104-1376798BC8C3}.Debug|x64.ActiveCfg = Debug|Any CPU
		{556354B8-057B-40A2-A104-1376798BC8C3}.Debug|x64.Build.0 = Debug|Any CPU
		{556354B8-057B-40A2-A104-1376798BC8C3}.Debug|x86.ActiveCfg = Debug|Any CPU
		{556354B8-057B-40A2-A104-1376798BC8C3}.Debug|x86.Build.0 = Debug|Any CPU
		{556354B8-057B-40A2-A104-1376798BC8C3}.Release|Any CPU.ActiveCfg = Release|Any CPU
		{556354B8-057B-40A2-A104-1376798BC8C3}.Release|Any CPU.Build.0 = Release|Any CPU
		{556354B8-057B-40A2-A104-1376798BC8C3}.Release|x64.ActiveCfg = Release|Any CPU
		{556354B8-057B-40A2-A104-1376798BC8C3}.Release|x64.Build.0 = Release|Any CPU
		{556354B8-057B-40A2-A104-1376798BC8C3}.Release|x86.ActiveCfg = Release|Any CPU
		{556354B8-057B-40A2-A104-1376798BC8C3}.Release|x86.Build.0 = Release|Any CPU
		{454028F2-3A51-4DEC-8339-4FE73529C33B}.Debug|Any CPU.ActiveCfg = Debug|Any CPU
		{454028F2-3A51-4DEC-8339-4FE73529C33B}.Debug|Any CPU.Build.0 = Debug|Any CPU
		{454028F2-3A51-4DEC-8339-4FE73529C33B}.Debug|x64.ActiveCfg = Debug|Any CPU
		{454028F2-3A51-4DEC-8339-4FE73529C33B}.Debug|x64.Build.0 = Debug|Any CPU
		{454028F2-3A51-4DEC-8339-4FE73529C33B}.Debug|x86.ActiveCfg = Debug|Any CPU
		{454028F2-3A51-4DEC-8339-4FE73529C33B}.Debug|x86.Build.0 = Debug|Any CPU
		{454028F2-3A51-4DEC-8339-4FE73529C33B}.Release|Any CPU.ActiveCfg = Release|Any CPU
		{454028F2-3A51-4DEC-8339-4FE73529C33B}.Release|Any CPU.Build.0 = Release|Any CPU
		{454028F2-3A51-4DEC-8339-4FE73529C33B}.Release|x64.ActiveCfg = Release|Any CPU
		{454028F2-3A51-4DEC-8339-4FE73529C33B}.Release|x64.Build.0 = Release|Any CPU
		{454028F2-3A51-4DEC-8339-4FE73529C33B}.Release|x86.ActiveCfg = Release|Any CPU
		{454028F2-3A51-4DEC-8339-4FE73529C33B}.Release|x86.Build.0 = Release|Any CPU
		{4939FA2F-9C79-4004-8BE6-97E6624748CA}.Debug|Any CPU.ActiveCfg = Debug|Any CPU
		{4939FA2F-9C79-4004-8BE6-97E6624748CA}.Debug|Any CPU.Build.0 = Debug|Any CPU
		{4939FA2F-9C79-4004-8BE6-97E6624748CA}.Debug|x64.ActiveCfg = Debug|Any CPU
		{4939FA2F-9C79-4004-8BE6-97E6624748CA}.Debug|x64.Build.0 = Debug|Any CPU
		{4939FA2F-9C79-4004-8BE6-97E6624748CA}.Debug|x86.ActiveCfg = Debug|Any CPU
		{4939FA2F-9C79-4004-8BE6-97E6624748CA}.Debug|x86.Build.0 = Debug|Any CPU
		{4939FA2F-9C79-4004-8BE6-97E6624748CA}.Release|Any CPU.ActiveCfg = Release|Any CPU
		{4939FA2F-9C79-4004-8BE6-97E6624748CA}.Release|Any CPU.Build.0 = Release|Any CPU
		{4939FA2F-9C79-4004-8BE6-97E6624748CA}.Release|x64.ActiveCfg = Release|Any CPU
		{4939FA2F-9C79-4004-8BE6-97E6624748CA}.Release|x64.Build.0 = Release|Any CPU
		{4939FA2F-9C79-4004-8BE6-97E6624748CA}.Release|x86.ActiveCfg = Release|Any CPU
		{4939FA2F-9C79-4004-8BE6-97E6624748CA}.Release|x86.Build.0 = Release|Any CPU
		{83B7E41C-6297-49CB-B300-7700C071F0FC}.Debug|Any CPU.ActiveCfg = Debug|Any CPU
		{83B7E41C-6297-49CB-B300-7700C071F0FC}.Debug|Any CPU.Build.0 = Debug|Any CPU
		{83B7E41C-6297-49CB-B300-7700C071F0FC}.Debug|x64.ActiveCfg = Debug|Any CPU
		{83B7E41C-6297-49CB-B300-7700C071F0FC}.Debug|x64.Build.0 = Debug|Any CPU
		{83B7E41C-6297-49CB-B300-7700C071F0FC}.Debug|x86.ActiveCfg = Debug|Any CPU
		{83B7E41C-6297-49CB-B300-7700C071F0FC}.Debug|x86.Build.0 = Debug|Any CPU
		{83B7E41C-6297-49CB-B300-7700C071F0FC}.Release|Any CPU.ActiveCfg = Release|Any CPU
		{83B7E41C-6297-49CB-B300-7700C071F0FC}.Release|Any CPU.Build.0 = Release|Any CPU
		{83B7E41C-6297-49CB-B300-7700C071F0FC}.Release|x64.ActiveCfg = Release|Any CPU
		{83B7E41C-6297-49CB-B300-7700C071F0FC}.Release|x64.Build.0 = Release|Any CPU
		{83B7E41C-6297-49CB-B300-7700C071F0FC}.Release|x86.ActiveCfg = Release|Any CPU
		{83B7E41C-6297-49CB-B300-7700C071F0FC}.Release|x86.Build.0 = Release|Any CPU
	EndGlobalSection
	GlobalSection(SolutionProperties) = preSolution
		HideSolutionNode = FALSE
	EndGlobalSection
	GlobalSection(ExtensibilityGlobals) = postSolution
		SolutionGuid = {6859E3AE-31EB-43D2-A4DE-5C892F561A80}
	EndGlobalSection
EndGlobal
